// !$*UTF8*$!
{
	archiveVersion = 1;
	classes = {
	};
	objectVersion = 46;
	objects = {

/* Begin PBXBuildFile section */
		D545DF621A98AFA90022CE24 /* SpriteKit.framework in Frameworks */ = {isa = PBXBuildFile; fileRef = D545DF611A98AFA90022CE24 /* SpriteKit.framework */; };
		D55DB2651A94C7F1009023AE /* main.m in Sources */ = {isa = PBXBuildFile; fileRef = D55DB2641A94C7F1009023AE /* main.m */; };
		D55DB26E1A94C7F1009023AE /* Main.storyboard in Resources */ = {isa = PBXBuildFile; fileRef = D55DB26C1A94C7F1009023AE /* Main.storyboard */; };
		D55DB2701A94C7F1009023AE /* Images.xcassets in Resources */ = {isa = PBXBuildFile; fileRef = D55DB26F1A94C7F1009023AE /* Images.xcassets */; };
		D55DB2731A94C7F1009023AE /* LaunchScreen.xib in Resources */ = {isa = PBXBuildFile; fileRef = D55DB2711A94C7F1009023AE /* LaunchScreen.xib */; };
		D55DB27F1A94C7F1009023AE /* ImageCGPathTests.m in Sources */ = {isa = PBXBuildFile; fileRef = D55DB27E1A94C7F1009023AE /* ImageCGPathTests.m */; };
		D55DB2961A94CF7C009023AE /* AppDelegate.m in Sources */ = {isa = PBXBuildFile; fileRef = D55DB2911A94CF7C009023AE /* AppDelegate.m */; };
		D55DB2971A94CF7C009023AE /* ViewController.m in Sources */ = {isa = PBXBuildFile; fileRef = D55DB2951A94CF7C009023AE /* ViewController.m */; };
		D55DB29C1A94CFF3009023AE /* ImageViewCGPath.m in Sources */ = {isa = PBXBuildFile; fileRef = D55DB29B1A94CFF3009023AE /* ImageViewCGPath.m */; };
		D55DB2A01A94D423009023AE /* ImageListTableViewController.m in Sources */ = {isa = PBXBuildFile; fileRef = D55DB29F1A94D423009023AE /* ImageListTableViewController.m */; };
		D55DB2A41A94D573009023AE /* AppState.m in Sources */ = {isa = PBXBuildFile; fileRef = D55DB2A31A94D573009023AE /* AppState.m */; };
		D55DB2AC1A94D7B0009023AE /* Close@3x.png in Resources */ = {isa = PBXBuildFile; fileRef = D55DB2A81A94D7B0009023AE /* Close@3x.png */; };
		D55DB2AD1A94D7B0009023AE /* extra_time_btn_gold.png in Resources */ = {isa = PBXBuildFile; fileRef = D55DB2A91A94D7B0009023AE /* extra_time_btn_gold.png */; };
		D55DB2AE1A94D7B0009023AE /* share_score_facebook_selected@3x.png in Resources */ = {isa = PBXBuildFile; fileRef = D55DB2AA1A94D7B0009023AE /* share_score_facebook_selected@3x.png */; };
		D55DB2AF1A94D7B0009023AE /* share_score_tweeter_selected@3x.png in Resources */ = {isa = PBXBuildFile; fileRef = D55DB2AB1A94D7B0009023AE /* share_score_tweeter_selected@3x.png */; };
		D560664B1A94DC1B00D23184 /* QuartzCore.framework in Frameworks */ = {isa = PBXBuildFile; fileRef = D560664A1A94DC1B00D23184 /* QuartzCore.framework */; };
		D58EA99D1A975A0200D1849E /* GameKit.framework in Frameworks */ = {isa = PBXBuildFile; fileRef = D58EA99C1A975A0200D1849E /* GameKit.framework */; };
		D58EA9A11A97758C00D1849E /* MainScen.m in Sources */ = {isa = PBXBuildFile; fileRef = D58EA9A01A97758C00D1849E /* MainScen.m */; };
/* End PBXBuildFile section */

/* Begin PBXContainerItemProxy section */
		D55DB2791A94C7F1009023AE /* PBXContainerItemProxy */ = {
			isa = PBXContainerItemProxy;
			containerPortal = D55DB2571A94C7F1009023AE /* Project object */;
			proxyType = 1;
			remoteGlobalIDString = D55DB25E1A94C7F1009023AE;
			remoteInfo = ImageCGPath;
		};
/* End PBXContainerItemProxy section */

/* Begin PBXFileReference section */
		D545DF611A98AFA90022CE24 /* SpriteKit.framework */ = {isa = PBXFileReference; lastKnownFileType = wrapper.framework; name = SpriteKit.framework; path = System/Library/Frameworks/SpriteKit.framework; sourceTree = SDKROOT; };
		D55DB25F1A94C7F1009023AE /* ImageCGPath.app */ = {isa = PBXFileReference; explicitFileType = wrapper.application; includeInIndex = 0; path = ImageCGPath.app; sourceTree = BUILT_PRODUCTS_DIR; };
		D55DB2631A94C7F1009023AE /* Info.plist */ = {isa = PBXFileReference; lastKnownFileType = text.plist.xml; path = Info.plist; sourceTree = "<group>"; };
		D55DB2641A94C7F1009023AE /* main.m */ = {isa = PBXFileReference; lastKnownFileType = sourcecode.c.objc; path = main.m; sourceTree = "<group>"; };
		D55DB26D1A94C7F1009023AE /* Base */ = {isa = PBXFileReference; lastKnownFileType = file.storyboard; name = Base; path = Base.lproj/Main.storyboard; sourceTree = "<group>"; };
		D55DB26F1A94C7F1009023AE /* Images.xcassets */ = {isa = PBXFileReference; lastKnownFileType = folder.assetcatalog; path = Images.xcassets; sourceTree = "<group>"; };
		D55DB2721A94C7F1009023AE /* Base */ = {isa = PBXFileReference; lastKnownFileType = file.xib; name = Base; path = Base.lproj/LaunchScreen.xib; sourceTree = "<group>"; };
		D55DB2781A94C7F1009023AE /* ImageCGPathTests.xctest */ = {isa = PBXFileReference; explicitFileType = wrapper.cfbundle; includeInIndex = 0; path = ImageCGPathTests.xctest; sourceTree = BUILT_PRODUCTS_DIR; };
		D55DB27D1A94C7F1009023AE /* Info.plist */ = {isa = PBXFileReference; lastKnownFileType = text.plist.xml; path = Info.plist; sourceTree = "<group>"; };
		D55DB27E1A94C7F1009023AE /* ImageCGPathTests.m */ = {isa = PBXFileReference; lastKnownFileType = sourcecode.c.objc; path = ImageCGPathTests.m; sourceTree = "<group>"; };
		D55DB2901A94CF7C009023AE /* AppDelegate.h */ = {isa = PBXFileReference; fileEncoding = 4; lastKnownFileType = sourcecode.c.h; path = AppDelegate.h; sourceTree = "<group>"; };
		D55DB2911A94CF7C009023AE /* AppDelegate.m */ = {isa = PBXFileReference; fileEncoding = 4; lastKnownFileType = sourcecode.c.objc; path = AppDelegate.m; sourceTree = "<group>"; };
		D55DB2941A94CF7C009023AE /* ViewController.h */ = {isa = PBXFileReference; fileEncoding = 4; lastKnownFileType = sourcecode.c.h; path = ViewController.h; sourceTree = "<group>"; };
		D55DB2951A94CF7C009023AE /* ViewController.m */ = {isa = PBXFileReference; fileEncoding = 4; lastKnownFileType = sourcecode.c.objc; path = ViewController.m; sourceTree = "<group>"; };
		D55DB29A1A94CFF3009023AE /* ImageViewCGPath.h */ = {isa = PBXFileReference; fileEncoding = 4; lastKnownFileType = sourcecode.c.h; path = ImageViewCGPath.h; sourceTree = "<group>"; };
		D55DB29B1A94CFF3009023AE /* ImageViewCGPath.m */ = {isa = PBXFileReference; fileEncoding = 4; lastKnownFileType = sourcecode.c.objc; path = ImageViewCGPath.m; sourceTree = "<group>"; };
		D55DB29E1A94D423009023AE /* ImageListTableViewController.h */ = {isa = PBXFileReference; fileEncoding = 4; lastKnownFileType = sourcecode.c.h; path = ImageListTableViewController.h; sourceTree = "<group>"; };
		D55DB29F1A94D423009023AE /* ImageListTableViewController.m */ = {isa = PBXFileReference; fileEncoding = 4; lastKnownFileType = sourcecode.c.objc; path = ImageListTableViewController.m; sourceTree = "<group>"; };
		D55DB2A21A94D573009023AE /* AppState.h */ = {isa = PBXFileReference; fileEncoding = 4; lastKnownFileType = sourcecode.c.h; path = AppState.h; sourceTree = "<group>"; };
		D55DB2A31A94D573009023AE /* AppState.m */ = {isa = PBXFileReference; fileEncoding = 4; lastKnownFileType = sourcecode.c.objc; path = AppState.m; sourceTree = "<group>"; };
		D55DB2A81A94D7B0009023AE /* Close@3x.png */ = {isa = PBXFileReference; lastKnownFileType = image.png; path = "Close@3x.png"; sourceTree = "<group>"; };
		D55DB2A91A94D7B0009023AE /* extra_time_btn_gold.png */ = {isa = PBXFileReference; lastKnownFileType = image.png; path = extra_time_btn_gold.png; sourceTree = "<group>"; };
		D55DB2AA1A94D7B0009023AE /* share_score_facebook_selected@3x.png */ = {isa = PBXFileReference; lastKnownFileType = image.png; path = "share_score_facebook_selected@3x.png"; sourceTree = "<group>"; };
		D55DB2AB1A94D7B0009023AE /* share_score_tweeter_selected@3x.png */ = {isa = PBXFileReference; lastKnownFileType = image.png; path = "share_score_tweeter_selected@3x.png"; sourceTree = "<group>"; };
		D560664A1A94DC1B00D23184 /* QuartzCore.framework */ = {isa = PBXFileReference; lastKnownFileType = wrapper.framework; name = QuartzCore.framework; path = System/Library/Frameworks/QuartzCore.framework; sourceTree = SDKROOT; };
		D58EA99C1A975A0200D1849E /* GameKit.framework */ = {isa = PBXFileReference; lastKnownFileType = wrapper.framework; name = GameKit.framework; path = System/Library/Frameworks/GameKit.framework; sourceTree = SDKROOT; };
		D58EA99F1A97758C00D1849E /* MainScen.h */ = {isa = PBXFileReference; fileEncoding = 4; lastKnownFileType = sourcecode.c.h; name = MainScen.h; path = ImageCGPath/src/ui/ScenViewController/MainScen.h; sourceTree = SOURCE_ROOT; };
		D58EA9A01A97758C00D1849E /* MainScen.m */ = {isa = PBXFileReference; fileEncoding = 4; lastKnownFileType = sourcecode.c.objc; name = MainScen.m; path = ImageCGPath/src/ui/ScenViewController/MainScen.m; sourceTree = SOURCE_ROOT; };
/* End PBXFileReference section */

/* Begin PBXFrameworksBuildPhase section */
		D55DB25C1A94C7F1009023AE /* Frameworks */ = {
			isa = PBXFrameworksBuildPhase;
			buildActionMask = 2147483647;
			files = (
				D545DF621A98AFA90022CE24 /* SpriteKit.framework in Frameworks */,
				D58EA99D1A975A0200D1849E /* GameKit.framework in Frameworks */,
				D560664B1A94DC1B00D23184 /* QuartzCore.framework in Frameworks */,
			);
			runOnlyForDeploymentPostprocessing = 0;
		};
		D55DB2751A94C7F1009023AE /* Frameworks */ = {
			isa = PBXFrameworksBuildPhase;
			buildActionMask = 2147483647;
			files = (
			);
			runOnlyForDeploymentPostprocessing = 0;
		};
/* End PBXFrameworksBuildPhase section */

/* Begin PBXGroup section */
		D55DB2561A94C7F1009023AE = {
			isa = PBXGroup;
			children = (
				D545DF611A98AFA90022CE24 /* SpriteKit.framework */,
				D58EA99C1A975A0200D1849E /* GameKit.framework */,
				D560664A1A94DC1B00D23184 /* QuartzCore.framework */,
				D55DB2611A94C7F1009023AE /* ImageCGPath */,
				D55DB27B1A94C7F1009023AE /* ImageCGPathTests */,
				D55DB2601A94C7F1009023AE /* Products */,
			);
			sourceTree = "<group>";
		};
		D55DB2601A94C7F1009023AE /* Products */ = {
			isa = PBXGroup;
			children = (
				D55DB25F1A94C7F1009023AE /* ImageCGPath.app */,
				D55DB2781A94C7F1009023AE /* ImageCGPathTests.xctest */,
			);
			name = Products;
			sourceTree = "<group>";
		};
		D55DB2611A94C7F1009023AE /* ImageCGPath */ = {
			isa = PBXGroup;
			children = (
				D55DB28C1A94CF7C009023AE /* res */,
				D55DB28D1A94CF7C009023AE /* src */,
				D55DB26C1A94C7F1009023AE /* Main.storyboard */,
				D55DB2711A94C7F1009023AE /* LaunchScreen.xib */,
				D55DB26F1A94C7F1009023AE /* Images.xcassets */,
				D55DB2621A94C7F1009023AE /* Supporting Files */,
			);
			path = ImageCGPath;
			sourceTree = "<group>";
		};
		D55DB2621A94C7F1009023AE /* Supporting Files */ = {
			isa = PBXGroup;
			children = (
				D55DB2631A94C7F1009023AE /* Info.plist */,
				D55DB2641A94C7F1009023AE /* main.m */,
			);
			name = "Supporting Files";
			sourceTree = "<group>";
		};
		D55DB27B1A94C7F1009023AE /* ImageCGPathTests */ = {
			isa = PBXGroup;
			children = (
				D55DB27E1A94C7F1009023AE /* ImageCGPathTests.m */,
				D55DB27C1A94C7F1009023AE /* Supporting Files */,
			);
			path = ImageCGPathTests;
			sourceTree = "<group>";
		};
		D55DB27C1A94C7F1009023AE /* Supporting Files */ = {
			isa = PBXGroup;
			children = (
				D55DB27D1A94C7F1009023AE /* Info.plist */,
			);
			name = "Supporting Files";
			sourceTree = "<group>";
		};
		D55DB28C1A94CF7C009023AE /* res */ = {
			isa = PBXGroup;
			children = (
				D55DB2A51A94D755009023AE /* images */,
			);
			path = res;
			sourceTree = "<group>";
		};
		D55DB28D1A94CF7C009023AE /* src */ = {
			isa = PBXGroup;
			children = (
				D55DB28E1A94CF7C009023AE /* logic */,
				D55DB2921A94CF7C009023AE /* ui */,
			);
			path = src;
			sourceTree = "<group>";
		};
		D55DB28E1A94CF7C009023AE /* logic */ = {
			isa = PBXGroup;
			children = (
				D55DB2A11A94D4CD009023AE /* AppState */,
				D55DB2981A94CFC3009023AE /* models */,
				D55DB28F1A94CF7C009023AE /* AppDelegate */,
			);
			path = logic;
			sourceTree = "<group>";
		};
		D55DB28F1A94CF7C009023AE /* AppDelegate */ = {
			isa = PBXGroup;
			children = (
				D55DB2901A94CF7C009023AE /* AppDelegate.h */,
				D55DB2911A94CF7C009023AE /* AppDelegate.m */,
			);
			path = AppDelegate;
			sourceTree = "<group>";
		};
		D55DB2921A94CF7C009023AE /* ui */ = {
			isa = PBXGroup;
			children = (
				D58EA99E1A97755100D1849E /* ScenViewController */,
				D55DB29D1A94D40B009023AE /* ImageListTableViewController */,
				D55DB2931A94CF7C009023AE /* ViewController */,
			);
			path = ui;
			sourceTree = "<group>";
		};
		D55DB2931A94CF7C009023AE /* ViewController */ = {
			isa = PBXGroup;
			children = (
				D55DB2941A94CF7C009023AE /* ViewController.h */,
				D55DB2951A94CF7C009023AE /* ViewController.m */,
			);
			path = ViewController;
			sourceTree = "<group>";
		};
		D55DB2981A94CFC3009023AE /* models */ = {
			isa = PBXGroup;
			children = (
				D55DB2991A94CFDB009023AE /* ImageViewCGPath */,
			);
			path = models;
			sourceTree = "<group>";
		};
		D55DB2991A94CFDB009023AE /* ImageViewCGPath */ = {
			isa = PBXGroup;
			children = (
				D55DB29A1A94CFF3009023AE /* ImageViewCGPath.h */,
				D55DB29B1A94CFF3009023AE /* ImageViewCGPath.m */,
			);
			path = ImageViewCGPath;
			sourceTree = "<group>";
		};
		D55DB29D1A94D40B009023AE /* ImageListTableViewController */ = {
			isa = PBXGroup;
			children = (
				D55DB29E1A94D423009023AE /* ImageListTableViewController.h */,
				D55DB29F1A94D423009023AE /* ImageListTableViewController.m */,
			);
			path = ImageListTableViewController;
			sourceTree = "<group>";
		};
		D55DB2A11A94D4CD009023AE /* AppState */ = {
			isa = PBXGroup;
			children = (
				D55DB2A21A94D573009023AE /* AppState.h */,
				D55DB2A31A94D573009023AE /* AppState.m */,
			);
			path = AppState;
			sourceTree = "<group>";
		};
		D55DB2A51A94D755009023AE /* images */ = {
			isa = PBXGroup;
			children = (
				D55DB2A81A94D7B0009023AE /* Close@3x.png */,
				D55DB2A91A94D7B0009023AE /* extra_time_btn_gold.png */,
				D55DB2AA1A94D7B0009023AE /* share_score_facebook_selected@3x.png */,
				D55DB2AB1A94D7B0009023AE /* share_score_tweeter_selected@3x.png */,
			);
			path = images;
			sourceTree = "<group>";
		};
		D58EA99E1A97755100D1849E /* ScenViewController */ = {
			isa = PBXGroup;
			children = (
				D58EA99F1A97758C00D1849E /* MainScen.h */,
				D58EA9A01A97758C00D1849E /* MainScen.m */,
			);
			path = ScenViewController;
			sourceTree = "<group>";
		};
/* End PBXGroup section */

/* Begin PBXNativeTarget section */
		D55DB25E1A94C7F1009023AE /* ImageCGPath */ = {
			isa = PBXNativeTarget;
			buildConfigurationList = D55DB2821A94C7F1009023AE /* Build configuration list for PBXNativeTarget "ImageCGPath" */;
			buildPhases = (
				D55DB25B1A94C7F1009023AE /* Sources */,
				D55DB25C1A94C7F1009023AE /* Frameworks */,
				D55DB25D1A94C7F1009023AE /* Resources */,
			);
			buildRules = (
			);
			dependencies = (
			);
			name = ImageCGPath;
			productName = ImageCGPath;
			productReference = D55DB25F1A94C7F1009023AE /* ImageCGPath.app */;
			productType = "com.apple.product-type.application";
		};
		D55DB2771A94C7F1009023AE /* ImageCGPathTests */ = {
			isa = PBXNativeTarget;
			buildConfigurationList = D55DB2851A94C7F1009023AE /* Build configuration list for PBXNativeTarget "ImageCGPathTests" */;
			buildPhases = (
				D55DB2741A94C7F1009023AE /* Sources */,
				D55DB2751A94C7F1009023AE /* Frameworks */,
				D55DB2761A94C7F1009023AE /* Resources */,
			);
			buildRules = (
			);
			dependencies = (
				D55DB27A1A94C7F1009023AE /* PBXTargetDependency */,
			);
			name = ImageCGPathTests;
			productName = ImageCGPathTests;
			productReference = D55DB2781A94C7F1009023AE /* ImageCGPathTests.xctest */;
			productType = "com.apple.product-type.bundle.unit-test";
		};
/* End PBXNativeTarget section */

/* Begin PBXProject section */
		D55DB2571A94C7F1009023AE /* Project object */ = {
			isa = PBXProject;
			attributes = {
				LastUpgradeCheck = 0610;
				ORGANIZATIONNAME = "Sergey Biloshkurskyi";
				TargetAttributes = {
					D55DB25E1A94C7F1009023AE = {
						CreatedOnToolsVersion = 6.1.1;
					};
					D55DB2771A94C7F1009023AE = {
						CreatedOnToolsVersion = 6.1.1;
						TestTargetID = D55DB25E1A94C7F1009023AE;
					};
				};
			};
			buildConfigurationList = D55DB25A1A94C7F1009023AE /* Build configuration list for PBXProject "ImageCGPath" */;
			compatibilityVersion = "Xcode 3.2";
			developmentRegion = English;
			hasScannedForEncodings = 0;
			knownRegions = (
				en,
				Base,
			);
			mainGroup = D55DB2561A94C7F1009023AE;
			productRefGroup = D55DB2601A94C7F1009023AE /* Products */;
			projectDirPath = "";
			projectRoot = "";
			targets = (
				D55DB25E1A94C7F1009023AE /* ImageCGPath */,
				D55DB2771A94C7F1009023AE /* ImageCGPathTests */,
			);
		};
/* End PBXProject section */

/* Begin PBXResourcesBuildPhase section */
		D55DB25D1A94C7F1009023AE /* Resources */ = {
			isa = PBXResourcesBuildPhase;
			buildActionMask = 2147483647;
			files = (
				D55DB26E1A94C7F1009023AE /* Main.storyboard in Resources */,
				D55DB2AD1A94D7B0009023AE /* extra_time_btn_gold.png in Resources */,
				D55DB2AC1A94D7B0009023AE /* Close@3x.png in Resources */,
				D55DB2AF1A94D7B0009023AE /* share_score_tweeter_selected@3x.png in Resources */,
				D55DB2AE1A94D7B0009023AE /* share_score_facebook_selected@3x.png in Resources */,
				D55DB2731A94C7F1009023AE /* LaunchScreen.xib in Resources */,
				D55DB2701A94C7F1009023AE /* Images.xcassets in Resources */,
			);
			runOnlyForDeploymentPostprocessing = 0;
		};
		D55DB2761A94C7F1009023AE /* Resources */ = {
			isa = PBXResourcesBuildPhase;
			buildActionMask = 2147483647;
			files = (
			);
			runOnlyForDeploymentPostprocessing = 0;
		};
/* End PBXResourcesBuildPhase section */

/* Begin PBXSourcesBuildPhase section */
		D55DB25B1A94C7F1009023AE /* Sources */ = {
			isa = PBXSourcesBuildPhase;
			buildActionMask = 2147483647;
			files = (
				D55DB2971A94CF7C009023AE /* ViewController.m in Sources */,
				D55DB2A41A94D573009023AE /* AppState.m in Sources */,
				D55DB2A01A94D423009023AE /* ImageListTableViewController.m in Sources */,
				D55DB29C1A94CFF3009023AE /* ImageViewCGPath.m in Sources */,
				D55DB2961A94CF7C009023AE /* AppDelegate.m in Sources */,
				D55DB2651A94C7F1009023AE /* main.m in Sources */,
				D58EA9A11A97758C00D1849E /* MainScen.m in Sources */,
			);
			runOnlyForDeploymentPostprocessing = 0;
		};
		D55DB2741A94C7F1009023AE /* Sources */ = {
			isa = PBXSourcesBuildPhase;
			buildActionMask = 2147483647;
			files = (
				D55DB27F1A94C7F1009023AE /* ImageCGPathTests.m in Sources */,
			);
			runOnlyForDeploymentPostprocessing = 0;
		};
/* End PBXSourcesBuildPhase section */

/* Begin PBXTargetDependency section */
		D55DB27A1A94C7F1009023AE /* PBXTargetDependency */ = {
			isa = PBXTargetDependency;
			target = D55DB25E1A94C7F1009023AE /* ImageCGPath */;
			targetProxy = D55DB2791A94C7F1009023AE /* PBXContainerItemProxy */;
		};
/* End PBXTargetDependency section */

/* Begin PBXVariantGroup section */
		D55DB26C1A94C7F1009023AE /* Main.storyboard */ = {
			isa = PBXVariantGroup;
			children = (
				D55DB26D1A94C7F1009023AE /* Base */,
			);
			name = Main.storyboard;
			sourceTree = "<group>";
		};
		D55DB2711A94C7F1009023AE /* LaunchScreen.xib */ = {
			isa = PBXVariantGroup;
			children = (
				D55DB2721A94C7F1009023AE /* Base */,
			);
			name = LaunchScreen.xib;
			sourceTree = "<group>";
		};
/* End PBXVariantGroup section */

/* Begin XCBuildConfiguration section */
		D55DB2801A94C7F1009023AE /* Debug */ = {
			isa = XCBuildConfiguration;
			buildSettings = {
				ALWAYS_SEARCH_USER_PATHS = NO;
				CLANG_CXX_LANGUAGE_STANDARD = "gnu++0x";
				CLANG_CXX_LIBRARY = "libc++";
				CLANG_ENABLE_MODULES = YES;
				CLANG_ENABLE_OBJC_ARC = YES;
				CLANG_WARN_BOOL_CONVERSION = YES;
				CLANG_WARN_CONSTANT_CONVERSION = YES;
				CLANG_WARN_DIRECT_OBJC_ISA_USAGE = YES_ERROR;
				CLANG_WARN_EMPTY_BODY = YES;
				CLANG_WARN_ENUM_CONVERSION = YES;
				CLANG_WARN_INT_CONVERSION = YES;
				CLANG_WARN_OBJC_ROOT_CLASS = YES_ERROR;
				CLANG_WARN_UNREACHABLE_CODE = YES;
				CLANG_WARN__DUPLICATE_METHOD_MATCH = YES;
				"CODE_SIGN_IDENTITY[sdk=iphoneos*]" = "iPhone Developer";
				COPY_PHASE_STRIP = NO;
				ENABLE_STRICT_OBJC_MSGSEND = YES;
				GCC_C_LANGUAGE_STANDARD = gnu99;
				GCC_DYNAMIC_NO_PIC = NO;
				GCC_OPTIMIZATION_LEVEL = 0;
				GCC_PREPROCESSOR_DEFINITIONS = (
					"DEBUG=1",
					"$(inherited)",
				);
				GCC_SYMBOLS_PRIVATE_EXTERN = NO;
				GCC_WARN_64_TO_32_BIT_CONVERSION = YES;
				GCC_WARN_ABOUT_RETURN_TYPE = YES_ERROR;
				GCC_WARN_UNDECLARED_SELECTOR = YES;
				GCC_WARN_UNINITIALIZED_AUTOS = YES_AGGRESSIVE;
				GCC_WARN_UNUSED_FUNCTION = YES;
				GCC_WARN_UNUSED_VARIABLE = YES;
				IPHONEOS_DEPLOYMENT_TARGET = 8.1;
				MTL_ENABLE_DEBUG_INFO = YES;
				ONLY_ACTIVE_ARCH = YES;
				SDKROOT = iphoneos;
				TARGETED_DEVICE_FAMILY = 2;
			};
			name = Debug;
		};
		D55DB2811A94C7F1009023AE /* Release */ = {
			isa = XCBuildConfiguration;
			buildSettings = {
				ALWAYS_SEARCH_USER_PATHS = NO;
				CLANG_CXX_LANGUAGE_STANDARD = "gnu++0x";
				CLANG_CXX_LIBRARY = "libc++";
				CLANG_ENABLE_MODULES = YES;
				CLANG_ENABLE_OBJC_ARC = YES;
				CLANG_WARN_BOOL_CONVERSION = YES;
				CLANG_WARN_CONSTANT_CONVERSION = YES;
				CLANG_WARN_DIRECT_OBJC_ISA_USAGE = YES_ERROR;
				CLANG_WARN_EMPTY_BODY = YES;
				CLANG_WARN_ENUM_CONVERSION = YES;
				CLANG_WARN_INT_CONVERSION = YES;
				CLANG_WARN_OBJC_ROOT_CLASS = YES_ERROR;
				CLANG_WARN_UNREACHABLE_CODE = YES;
				CLANG_WARN__DUPLICATE_METHOD_MATCH = YES;
				"CODE_SIGN_IDENTITY[sdk=iphoneos*]" = "iPhone Developer";
				COPY_PHASE_STRIP = YES;
				ENABLE_NS_ASSERTIONS = NO;
				ENABLE_STRICT_OBJC_MSGSEND = YES;
				GCC_C_LANGUAGE_STANDARD = gnu99;
				GCC_WARN_64_TO_32_BIT_CONVERSION = YES;
				GCC_WARN_ABOUT_RETURN_TYPE = YES_ERROR;
				GCC_WARN_UNDECLARED_SELECTOR = YES;
				GCC_WARN_UNINITIALIZED_AUTOS = YES_AGGRESSIVE;
				GCC_WARN_UNUSED_FUNCTION = YES;
				GCC_WARN_UNUSED_VARIABLE = YES;
				IPHONEOS_DEPLOYMENT_TARGET = 8.1;
				MTL_ENABLE_DEBUG_INFO = NO;
				SDKROOT = iphoneos;
				TARGETED_DEVICE_FAMILY = 2;
				VALIDATE_PRODUCT = YES;
			};
			name = Release;
		};
		D55DB2831A94C7F1009023AE /* Debug */ = {
			isa = XCBuildConfiguration;
			buildSettings = {
				ASSETCATALOG_COMPILER_APPICON_NAME = AppIcon;
				INFOPLIST_FILE = ImageCGPath/Info.plist;
				IPHONEOS_DEPLOYMENT_TARGET = 7.0;
				LD_RUNPATH_SEARCH_PATHS = "$(inherited) @executable_path/Frameworks";
				PRODUCT_NAME = "$(TARGET_NAME)";
			};
			name = Debug;
		};
		D55DB2841A94C7F1009023AE /* Release */ = {
			isa = XCBuildConfiguration;
			buildSettings = {
				ASSETCATALOG_COMPILER_APPICON_NAME = AppIcon;
				INFOPLIST_FILE = ImageCGPath/Info.plist;
				IPHONEOS_DEPLOYMENT_TARGET = 7.0;
				LD_RUNPATH_SEARCH_PATHS = "$(inherited) @executable_path/Frameworks";
				PRODUCT_NAME = "$(TARGET_NAME)";
			};
			name = Release;
		};
		D55DB2861A94C7F1009023AE /* Debug */ = {
			isa = XCBuildConfiguration;
			buildSettings = {
				BUNDLE_LOADER = "$(TEST_HOST)";
				FRAMEWORK_SEARCH_PATHS = (
					"$(SDKROOT)/Developer/Library/Frameworks",
					"$(inherited)",
				);
				GCC_PREPROCESSOR_DEFINITIONS = (
					"DEBUG=1",
					"$(inherited)",
				);
				INFOPLIST_FILE = ImageCGPathTests/Info.plist;
				LD_RUNPATH_SEARCH_PATHS = "$(inherited) @executable_path/Frameworks @loader_path/Frameworks";
				PRODUCT_NAME = "$(TARGET_NAME)";
				TEST_HOST = "$(BUILT_PRODUCTS_DIR)/ImageCGPath.app/ImageCGPath";
			};
			name = Debug;
		};
		D55DB2871A94C7F1009023AE /* Release */ = {
			isa = XCBuildConfiguration;
			buildSettings = {
				BUNDLE_LOADER = "$(TEST_HOST)";
				FRAMEWORK_SEARCH_PATHS = (
					"$(SDKROOT)/Developer/Library/Frameworks",
					"$(inherited)",
				);
				INFOPLIST_FILE = ImageCGPathTests/Info.plist;
				LD_RUNPATH_SEARCH_PATHS = "$(inherited) @executable_path/Frameworks @loader_path/Frameworks";
				PRODUCT_NAME = "$(TARGET_NAME)";
				TEST_HOST = "$(BUILT_PRODUCTS_DIR)/ImageCGPath.app/ImageCGPath";
			};
			name = Release;
		};
/* End XCBuildConfiguration section */

/* Begin XCConfigurationList section */
		D55DB25A1A94C7F1009023AE /* Build configuration list for PBXProject "ImageCGPath" */ = {
			isa = XCConfigurationList;
			buildConfigurations = (
				D55DB2801A94C7F1009023AE /* Debug */,
				D55DB2811A94C7F1009023AE /* Release */,
			);
			defaultConfigurationIsVisible = 0;
			defaultConfigurationName = Release;
		};
		D55DB2821A94C7F1009023AE /* Build configuration list for PBXNativeTarget "ImageCGPath" */ = {
			isa = XCConfigurationList;
			buildConfigurations = (
				D55DB2831A94C7F1009023AE /* Debug */,
				D55DB2841A94C7F1009023AE /* Release */,
			);
			defaultConfigurationIsVisible = 0;
			defaultConfigurationName = Release;
		};
		D55DB2851A94C7F1009023AE /* Build configuration list for PBXNativeTarget "ImageCGPathTests" */ = {
			isa = XCConfigurationList;
			buildConfigurations = (
				D55DB2861A94C7F1009023AE /* Debug */,
				D55DB2871A94C7F1009023AE /* Release */,
			);
			defaultConfigurationIsVisible = 0;
			defaultConfigurationName = Release;
		};
/* End XCConfigurationList section */
	};
	rootObject = D55DB2571A94C7F1009023AE /* Project object */;
}
